
Microsoft Visual Studio Solution File, Format Version 12.00
# Visual Studio Version 17
VisualStudioVersion = 17.0.31919.166
MinimumVisualStudioVersion = 10.0.40219.1
Project("{FAE04EC0-301F-11D3-BF4B-00C04F79EFBC}") = "RadioButton", "RadioButton.csproj", "{9AE8BADE-DF20-46E2-897F-EE62B8E2DDEE}"
EndProject
Global
	GlobalSection(SolutionConfigurationPlatforms) = preSolution
		Debug|Any CPU = Debug|Any CPU
		Release|Any CPU = Release|Any CPU
	EndGlobalSection
	GlobalSection(ProjectConfigurationPlatforms) = postSolution
		{9AE8BADE-DF20-46E2-897F-EE62B8E2DDEE}.Debug|Any CPU.ActiveCfg = Debug|Any CPU
		{9AE8BADE-DF20-46E2-897F-EE62B8E2DDEE}.Debug|Any CPU.Build.0 = Debug|Any CPU
		{9AE8BADE-DF20-46E2-897F-EE62B8E2DDEE}.Release|Any CPU.ActiveCfg = Release|Any CPU
		{9AE8BADE-DF20-46E2-897F-EE62B8E2DDEE}.Release|Any CPU.Build.0 = Release|Any CPU
	EndGlobalSection
	GlobalSection(SolutionProperties) = preSolution
		HideSolutionNode = FALSE
	EndGlobalSection
	GlobalSection(ExtensibilityGlobals) = postSolution
		SolutionGuid = {1C5D559A-6815-4F99-B822-7550E33CAA9E}
	EndGlobalSection
EndGlobal
